<Solution>
  <Project Path="HotelTramonto.Datos/HotelTramonto.Datos.csproj" />
  <Project Path="HotelTramonto.Entidades/HotelTramonto.Entidades.csproj" />
  <Project Path="HotelTramonto.Negocios/HotelTramonto.Negocios.csproj" />
  <Project Path="HotelTramonto.Presentacion/HotelTramonto.Presentacion.csproj" />
</Solution>
